// !$*UTF8*$!
{
	archiveVersion = 1;
	classes = {
	};
	objectVersion = 56;
	objects = {

/* Begin PBXBuildFile section */
		7D2A2CF72973000400F3758F /* SuccessAuthViewController.swift in Sources */ = {isa = PBXBuildFile; fileRef = 7D2A2CF52973000400F3758F /* SuccessAuthViewController.swift */; };
		7D2A2CF82973000400F3758F /* SuccessAuthViewController.xib in Resources */ = {isa = PBXBuildFile; fileRef = 7D2A2CF62973000400F3758F /* SuccessAuthViewController.xib */; };
		7D2A2CFA297303A100F3758F /* Authentication.swift in Sources */ = {isa = PBXBuildFile; fileRef = 7D2A2CF9297303A100F3758F /* Authentication.swift */; };
		7D2A2CFE297365C800F3758F /* RegistrationViewController.swift in Sources */ = {isa = PBXBuildFile; fileRef = 7D2A2CFC297365C800F3758F /* RegistrationViewController.swift */; };
		7D2A2CFF297365C800F3758F /* RegistrationViewController.xib in Resources */ = {isa = PBXBuildFile; fileRef = 7D2A2CFD297365C800F3758F /* RegistrationViewController.xib */; };
		7D3FFE562971CAF900AF346C /* AuthenticationViewController.swift in Sources */ = {isa = PBXBuildFile; fileRef = 7D3FFE542971CAF900AF346C /* AuthenticationViewController.swift */; };
		7D3FFE572971CAF900AF346C /* AuthenticationViewController.xib in Resources */ = {isa = PBXBuildFile; fileRef = 7D3FFE552971CAF900AF346C /* AuthenticationViewController.xib */; };
		7D3FFE5A2971DE7F00AF346C /* FirebaseAuth in Frameworks */ = {isa = PBXBuildFile; productRef = 7D3FFE592971DE7F00AF346C /* FirebaseAuth */; };
		7D3FFE5C2971DE7F00AF346C /* FirebaseFirestore in Frameworks */ = {isa = PBXBuildFile; productRef = 7D3FFE5B2971DE7F00AF346C /* FirebaseFirestore */; };
		7D3FFE5E2971DE7F00AF346C /* FirebaseStorage in Frameworks */ = {isa = PBXBuildFile; productRef = 7D3FFE5D2971DE7F00AF346C /* FirebaseStorage */; };
		7D4222DB29789A3000D148F1 /* Database.swift in Sources */ = {isa = PBXBuildFile; fileRef = 7D4222DA29789A3000D148F1 /* Database.swift */; };
		7D4222DD29789C6400D148F1 /* User.swift in Sources */ = {isa = PBXBuildFile; fileRef = 7D4222DC29789C6400D148F1 /* User.swift */; };
		7D4222E029789CEF00D148F1 /* Recipe.swift in Sources */ = {isa = PBXBuildFile; fileRef = 7D4222DF29789CEF00D148F1 /* Recipe.swift */; };
		7D4222E62978AED900D148F1 /* GoogleService-Info.plist in Resources */ = {isa = PBXBuildFile; fileRef = 7D4222E52978AED900D148F1 /* GoogleService-Info.plist */; };
		CD71A348295670430094D0ED /* AppDelegate.swift in Sources */ = {isa = PBXBuildFile; fileRef = CD71A347295670430094D0ED /* AppDelegate.swift */; };
		CD71A351295670440094D0ED /* Assets.xcassets in Resources */ = {isa = PBXBuildFile; fileRef = CD71A350295670440094D0ED /* Assets.xcassets */; };
		CD71A354295670440094D0ED /* LaunchScreen.storyboard in Resources */ = {isa = PBXBuildFile; fileRef = CD71A352295670440094D0ED /* LaunchScreen.storyboard */; };
/* End PBXBuildFile section */

/* Begin PBXFileReference section */
		7D2A2CF52973000400F3758F /* SuccessAuthViewController.swift */ = {isa = PBXFileReference; lastKnownFileType = sourcecode.swift; path = SuccessAuthViewController.swift; sourceTree = "<group>"; };
		7D2A2CF62973000400F3758F /* SuccessAuthViewController.xib */ = {isa = PBXFileReference; lastKnownFileType = file.xib; path = SuccessAuthViewController.xib; sourceTree = "<group>"; };
		7D2A2CF9297303A100F3758F /* Authentication.swift */ = {isa = PBXFileReference; lastKnownFileType = sourcecode.swift; path = Authentication.swift; sourceTree = "<group>"; };
		7D2A2CFC297365C800F3758F /* RegistrationViewController.swift */ = {isa = PBXFileReference; lastKnownFileType = sourcecode.swift; path = RegistrationViewController.swift; sourceTree = "<group>"; };
		7D2A2CFD297365C800F3758F /* RegistrationViewController.xib */ = {isa = PBXFileReference; lastKnownFileType = file.xib; path = RegistrationViewController.xib; sourceTree = "<group>"; };
		7D3FFE542971CAF900AF346C /* AuthenticationViewController.swift */ = {isa = PBXFileReference; lastKnownFileType = sourcecode.swift; path = AuthenticationViewController.swift; sourceTree = "<group>"; };
		7D3FFE552971CAF900AF346C /* AuthenticationViewController.xib */ = {isa = PBXFileReference; lastKnownFileType = file.xib; path = AuthenticationViewController.xib; sourceTree = "<group>"; };
		7D4222DA29789A3000D148F1 /* Database.swift */ = {isa = PBXFileReference; lastKnownFileType = sourcecode.swift; path = Database.swift; sourceTree = "<group>"; };
		7D4222DC29789C6400D148F1 /* User.swift */ = {isa = PBXFileReference; lastKnownFileType = sourcecode.swift; path = User.swift; sourceTree = "<group>"; };
		7D4222DF29789CEF00D148F1 /* Recipe.swift */ = {isa = PBXFileReference; lastKnownFileType = sourcecode.swift; path = Recipe.swift; sourceTree = "<group>"; };
		7D4222E52978AED900D148F1 /* GoogleService-Info.plist */ = {isa = PBXFileReference; fileEncoding = 4; lastKnownFileType = text.plist.xml; path = "GoogleService-Info.plist"; sourceTree = "<group>"; };
		CD71A344295670430094D0ED /* CookAPI.app */ = {isa = PBXFileReference; explicitFileType = wrapper.application; includeInIndex = 0; path = CookAPI.app; sourceTree = BUILT_PRODUCTS_DIR; };
		CD71A347295670430094D0ED /* AppDelegate.swift */ = {isa = PBXFileReference; lastKnownFileType = sourcecode.swift; path = AppDelegate.swift; sourceTree = "<group>"; };
		CD71A350295670440094D0ED /* Assets.xcassets */ = {isa = PBXFileReference; lastKnownFileType = folder.assetcatalog; path = Assets.xcassets; sourceTree = "<group>"; };
		CD71A353295670440094D0ED /* Base */ = {isa = PBXFileReference; lastKnownFileType = file.storyboard; name = Base; path = Base.lproj/LaunchScreen.storyboard; sourceTree = "<group>"; };
		CD71A355295670440094D0ED /* Info.plist */ = {isa = PBXFileReference; lastKnownFileType = text.plist.xml; path = Info.plist; sourceTree = "<group>"; };
/* End PBXFileReference section */

/* Begin PBXFrameworksBuildPhase section */
		CD71A341295670420094D0ED /* Frameworks */ = {
			isa = PBXFrameworksBuildPhase;
			buildActionMask = 2147483647;
			files = (
				7D3FFE5A2971DE7F00AF346C /* FirebaseAuth in Frameworks */,
				7D3FFE5C2971DE7F00AF346C /* FirebaseFirestore in Frameworks */,
				7D3FFE5E2971DE7F00AF346C /* FirebaseStorage in Frameworks */,
			);
			runOnlyForDeploymentPostprocessing = 0;
		};
/* End PBXFrameworksBuildPhase section */

/* Begin PBXGroup section */
		7D2A2CFB29730A4200F3758F /* Services */ = {
			isa = PBXGroup;
			children = (
				7D2A2CF9297303A100F3758F /* Authentication.swift */,
				7D4222DA29789A3000D148F1 /* Database.swift */,
			);
			path = Services;
			sourceTree = "<group>";
		};
		7D4222DE29789C6900D148F1 /* Models */ = {
			isa = PBXGroup;
			children = (
				7D4222DC29789C6400D148F1 /* User.swift */,
				7D4222DF29789CEF00D148F1 /* Recipe.swift */,
			);
			path = Models;
			sourceTree = "<group>";
		};
		CD71A33B295670420094D0ED = {
			isa = PBXGroup;
			children = (
				CD71A346295670430094D0ED /* CookAPI */,
				CD71A345295670430094D0ED /* Products */,
			);
			sourceTree = "<group>";
		};
		CD71A345295670430094D0ED /* Products */ = {
			isa = PBXGroup;
			children = (
				CD71A344295670430094D0ED /* CookAPI.app */,
			);
			name = Products;
			sourceTree = "<group>";
		};
		CD71A346295670430094D0ED /* CookAPI */ = {
			isa = PBXGroup;
			children = (
				7D2A2CFB29730A4200F3758F /* Services */,
				7D4222DE29789C6900D148F1 /* Models */,
				CD71A347295670430094D0ED /* AppDelegate.swift */,
				CD71A350295670440094D0ED /* Assets.xcassets */,
				CD71A352295670440094D0ED /* LaunchScreen.storyboard */,
				CD71A355295670440094D0ED /* Info.plist */,
				7D4222E52978AED900D148F1 /* GoogleService-Info.plist */,
				7D3FFE542971CAF900AF346C /* AuthenticationViewController.swift */,
				7D3FFE552971CAF900AF346C /* AuthenticationViewController.xib */,
				7D2A2CF52973000400F3758F /* SuccessAuthViewController.swift */,
				7D2A2CF62973000400F3758F /* SuccessAuthViewController.xib */,
				7D2A2CFC297365C800F3758F /* RegistrationViewController.swift */,
				7D2A2CFD297365C800F3758F /* RegistrationViewController.xib */,
			);
			path = CookAPI;
			sourceTree = "<group>";
		};
/* End PBXGroup section */

/* Begin PBXNativeTarget section */
		CD71A343295670420094D0ED /* CookAPI */ = {
			isa = PBXNativeTarget;
			buildConfigurationList = CD71A358295670440094D0ED /* Build configuration list for PBXNativeTarget "CookAPI" */;
			buildPhases = (
				CD71A340295670420094D0ED /* Sources */,
				CD71A341295670420094D0ED /* Frameworks */,
				CD71A342295670420094D0ED /* Resources */,
			);
			buildRules = (
			);
			dependencies = (
			);
			name = CookAPI;
			packageProductDependencies = (
				7D3FFE592971DE7F00AF346C /* FirebaseAuth */,
				7D3FFE5B2971DE7F00AF346C /* FirebaseFirestore */,
				7D3FFE5D2971DE7F00AF346C /* FirebaseStorage */,
			);
			productName = CookAPI;
			productReference = CD71A344295670430094D0ED /* CookAPI.app */;
			productType = "com.apple.product-type.application";
		};
/* End PBXNativeTarget section */

/* Begin PBXProject section */
		CD71A33C295670420094D0ED /* Project object */ = {
			isa = PBXProject;
			attributes = {
				BuildIndependentTargetsInParallel = 1;
				LastSwiftUpdateCheck = 1410;
				LastUpgradeCheck = 1410;
				TargetAttributes = {
					CD71A343295670420094D0ED = {
						CreatedOnToolsVersion = 14.1;
					};
				};
			};
			buildConfigurationList = CD71A33F295670420094D0ED /* Build configuration list for PBXProject "CookAPI" */;
			compatibilityVersion = "Xcode 14.0";
			developmentRegion = en;
			hasScannedForEncodings = 0;
			knownRegions = (
				en,
				Base,
			);
			mainGroup = CD71A33B295670420094D0ED;
			packageReferences = (
				7D3FFE582971DE7F00AF346C /* XCRemoteSwiftPackageReference "firebase-ios-sdk" */,
			);
			productRefGroup = CD71A345295670430094D0ED /* Products */;
			projectDirPath = "";
			projectRoot = "";
			targets = (
				CD71A343295670420094D0ED /* CookAPI */,
			);
		};
/* End PBXProject section */

/* Begin PBXResourcesBuildPhase section */
		CD71A342295670420094D0ED /* Resources */ = {
			isa = PBXResourcesBuildPhase;
			buildActionMask = 2147483647;
			files = (
				7D2A2CF82973000400F3758F /* SuccessAuthViewController.xib in Resources */,
				7D3FFE572971CAF900AF346C /* AuthenticationViewController.xib in Resources */,
				7D2A2CFF297365C800F3758F /* RegistrationViewController.xib in Resources */,
				CD71A354295670440094D0ED /* LaunchScreen.storyboard in Resources */,
				CD71A351295670440094D0ED /* Assets.xcassets in Resources */,
				7D4222E62978AED900D148F1 /* GoogleService-Info.plist in Resources */,
			);
			runOnlyForDeploymentPostprocessing = 0;
		};
/* End PBXResourcesBuildPhase section */

/* Begin PBXSourcesBuildPhase section */
		CD71A340295670420094D0ED /* Sources */ = {
			isa = PBXSourcesBuildPhase;
			buildActionMask = 2147483647;
			files = (
				7D4222DB29789A3000D148F1 /* Database.swift in Sources */,
				7D2A2CF72973000400F3758F /* SuccessAuthViewController.swift in Sources */,
				7D3FFE562971CAF900AF346C /* AuthenticationViewController.swift in Sources */,
				7D2A2CFA297303A100F3758F /* Authentication.swift in Sources */,
				CD71A348295670430094D0ED /* AppDelegate.swift in Sources */,
				7D2A2CFE297365C800F3758F /* RegistrationViewController.swift in Sources */,
				7D4222DD29789C6400D148F1 /* User.swift in Sources */,
				7D4222E029789CEF00D148F1 /* Recipe.swift in Sources */,
			);
			runOnlyForDeploymentPostprocessing = 0;
		};
/* End PBXSourcesBuildPhase section */

/* Begin PBXVariantGroup section */
		CD71A352295670440094D0ED /* LaunchScreen.storyboard */ = {
			isa = PBXVariantGroup;
			children = (
				CD71A353295670440094D0ED /* Base */,
			);
			name = LaunchScreen.storyboard;
			sourceTree = "<group>";
		};
/* End PBXVariantGroup section */

/* Begin XCBuildConfiguration section */
		CD71A356295670440094D0ED /* Debug */ = {
			isa = XCBuildConfiguration;
			buildSettings = {
				ALWAYS_SEARCH_USER_PATHS = NO;
				CLANG_ANALYZER_NONNULL = YES;
				CLANG_ANALYZER_NUMBER_OBJECT_CONVERSION = YES_AGGRESSIVE;
				CLANG_CXX_LANGUAGE_STANDARD = "gnu++20";
				CLANG_ENABLE_MODULES = YES;
				CLANG_ENABLE_OBJC_ARC = YES;
				CLANG_ENABLE_OBJC_WEAK = YES;
				CLANG_WARN_BLOCK_CAPTURE_AUTORELEASING = YES;
				CLANG_WARN_BOOL_CONVERSION = YES;
				CLANG_WARN_COMMA = YES;
				CLANG_WARN_CONSTANT_CONVERSION = YES;
				CLANG_WARN_DEPRECATED_OBJC_IMPLEMENTATIONS = YES;
				CLANG_WARN_DIRECT_OBJC_ISA_USAGE = YES_ERROR;
				CLANG_WARN_DOCUMENTATION_COMMENTS = YES;
				CLANG_WARN_EMPTY_BODY = YES;
				CLANG_WARN_ENUM_CONVERSION = YES;
				CLANG_WARN_INFINITE_RECURSION = YES;
				CLANG_WARN_INT_CONVERSION = YES;
				CLANG_WARN_NON_LITERAL_NULL_CONVERSION = YES;
				CLANG_WARN_OBJC_IMPLICIT_RETAIN_SELF = YES;
				CLANG_WARN_OBJC_LITERAL_CONVERSION = YES;
				CLANG_WARN_OBJC_ROOT_CLASS = YES_ERROR;
				CLANG_WARN_QUOTED_INCLUDE_IN_FRAMEWORK_HEADER = YES;
				CLANG_WARN_RANGE_LOOP_ANALYSIS = YES;
				CLANG_WARN_STRICT_PROTOTYPES = YES;
				CLANG_WARN_SUSPICIOUS_MOVE = YES;
				CLANG_WARN_UNGUARDED_AVAILABILITY = YES_AGGRESSIVE;
				CLANG_WARN_UNREACHABLE_CODE = YES;
				CLANG_WARN__DUPLICATE_METHOD_MATCH = YES;
				COPY_PHASE_STRIP = NO;
				DEBUG_INFORMATION_FORMAT = dwarf;
				ENABLE_STRICT_OBJC_MSGSEND = YES;
				ENABLE_TESTABILITY = YES;
				GCC_C_LANGUAGE_STANDARD = gnu11;
				GCC_DYNAMIC_NO_PIC = NO;
				GCC_NO_COMMON_BLOCKS = YES;
				GCC_OPTIMIZATION_LEVEL = 0;
				GCC_PREPROCESSOR_DEFINITIONS = (
					"DEBUG=1",
					"$(inherited)",
				);
				GCC_WARN_64_TO_32_BIT_CONVERSION = YES;
				GCC_WARN_ABOUT_RETURN_TYPE = YES_ERROR;
				GCC_WARN_UNDECLARED_SELECTOR = YES;
				GCC_WARN_UNINITIALIZED_AUTOS = YES_AGGRESSIVE;
				GCC_WARN_UNUSED_FUNCTION = YES;
				GCC_WARN_UNUSED_VARIABLE = YES;
				IPHONEOS_DEPLOYMENT_TARGET = 16.1;
				MTL_ENABLE_DEBUG_INFO = INCLUDE_SOURCE;
				MTL_FAST_MATH = YES;
				ONLY_ACTIVE_ARCH = YES;
				SDKROOT = iphoneos;
				SWIFT_ACTIVE_COMPILATION_CONDITIONS = DEBUG;
				SWIFT_OPTIMIZATION_LEVEL = "-Onone";
			};
			name = Debug;
		};
		CD71A357295670440094D0ED /* Release */ = {
			isa = XCBuildConfiguration;
			buildSettings = {
				ALWAYS_SEARCH_USER_PATHS = NO;
				CLANG_ANALYZER_NONNULL = YES;
				CLANG_ANALYZER_NUMBER_OBJECT_CONVERSION = YES_AGGRESSIVE;
				CLANG_CXX_LANGUAGE_STANDARD = "gnu++20";
				CLANG_ENABLE_MODULES = YES;
				CLANG_ENABLE_OBJC_ARC = YES;
				CLANG_ENABLE_OBJC_WEAK = YES;
				CLANG_WARN_BLOCK_CAPTURE_AUTORELEASING = YES;
				CLANG_WARN_BOOL_CONVERSION = YES;
				CLANG_WARN_COMMA = YES;
				CLANG_WARN_CONSTANT_CONVERSION = YES;
				CLANG_WARN_DEPRECATED_OBJC_IMPLEMENTATIONS = YES;
				CLANG_WARN_DIRECT_OBJC_ISA_USAGE = YES_ERROR;
				CLANG_WARN_DOCUMENTATION_COMMENTS = YES;
				CLANG_WARN_EMPTY_BODY = YES;
				CLANG_WARN_ENUM_CONVERSION = YES;
				CLANG_WARN_INFINITE_RECURSION = YES;
				CLANG_WARN_INT_CONVERSION = YES;
				CLANG_WARN_NON_LITERAL_NULL_CONVERSION = YES;
				CLANG_WARN_OBJC_IMPLICIT_RETAIN_SELF = YES;
				CLANG_WARN_OBJC_LITERAL_CONVERSION = YES;
				CLANG_WARN_OBJC_ROOT_CLASS = YES_ERROR;
				CLANG_WARN_QUOTED_INCLUDE_IN_FRAMEWORK_HEADER = YES;
				CLANG_WARN_RANGE_LOOP_ANALYSIS = YES;
				CLANG_WARN_STRICT_PROTOTYPES = YES;
				CLANG_WARN_SUSPICIOUS_MOVE = YES;
				CLANG_WARN_UNGUARDED_AVAILABILITY = YES_AGGRESSIVE;
				CLANG_WARN_UNREACHABLE_CODE = YES;
				CLANG_WARN__DUPLICATE_METHOD_MATCH = YES;
				COPY_PHASE_STRIP = NO;
				DEBUG_INFORMATION_FORMAT = "dwarf-with-dsym";
				ENABLE_NS_ASSERTIONS = NO;
				ENABLE_STRICT_OBJC_MSGSEND = YES;
				GCC_C_LANGUAGE_STANDARD = gnu11;
				GCC_NO_COMMON_BLOCKS = YES;
				GCC_WARN_64_TO_32_BIT_CONVERSION = YES;
				GCC_WARN_ABOUT_RETURN_TYPE = YES_ERROR;
				GCC_WARN_UNDECLARED_SELECTOR = YES;
				GCC_WARN_UNINITIALIZED_AUTOS = YES_AGGRESSIVE;
				GCC_WARN_UNUSED_FUNCTION = YES;
				GCC_WARN_UNUSED_VARIABLE = YES;
				IPHONEOS_DEPLOYMENT_TARGET = 16.1;
				MTL_ENABLE_DEBUG_INFO = NO;
				MTL_FAST_MATH = YES;
				SDKROOT = iphoneos;
				SWIFT_COMPILATION_MODE = wholemodule;
				SWIFT_OPTIMIZATION_LEVEL = "-O";
				VALIDATE_PRODUCT = YES;
			};
			name = Release;
		};
		CD71A359295670440094D0ED /* Debug */ = {
			isa = XCBuildConfiguration;
			buildSettings = {
				ASSETCATALOG_COMPILER_APPICON_NAME = AppIcon;
				ASSETCATALOG_COMPILER_GLOBAL_ACCENT_COLOR_NAME = AccentColor;
				CODE_SIGN_STYLE = Automatic;
				CURRENT_PROJECT_VERSION = 1;
				GENERATE_INFOPLIST_FILE = YES;
				INFOPLIST_FILE = CookAPI/Info.plist;
				INFOPLIST_KEY_UIApplicationSupportsIndirectInputEvents = YES;
				INFOPLIST_KEY_UILaunchStoryboardName = LaunchScreen;
				INFOPLIST_KEY_UISupportedInterfaceOrientations_iPad = "UIInterfaceOrientationPortrait UIInterfaceOrientationPortraitUpsideDown UIInterfaceOrientationLandscapeLeft UIInterfaceOrientationLandscapeRight";
				INFOPLIST_KEY_UISupportedInterfaceOrientations_iPhone = "UIInterfaceOrientationPortrait UIInterfaceOrientationLandscapeLeft UIInterfaceOrientationLandscapeRight";
				IPHONEOS_DEPLOYMENT_TARGET = 15.0;
				LD_RUNPATH_SEARCH_PATHS = (
					"$(inherited)",
					"@executable_path/Frameworks",
				);
				MARKETING_VERSION = 1.0;
				PRODUCT_BUNDLE_IDENTIFIER = com.example.CookAPI;
				PRODUCT_NAME = "$(TARGET_NAME)";
				SWIFT_EMIT_LOC_STRINGS = YES;
				SWIFT_VERSION = 5.0;
				TARGETED_DEVICE_FAMILY = "1,2";
			};
			name = Debug;
		};
		CD71A35A295670440094D0ED /* Release */ = {
			isa = XCBuildConfiguration;
			buildSettings = {
				ASSETCATALOG_COMPILER_APPICON_NAME = AppIcon;
				ASSETCATALOG_COMPILER_GLOBAL_ACCENT_COLOR_NAME = AccentColor;
				CODE_SIGN_STYLE = Automatic;
				CURRENT_PROJECT_VERSION = 1;
				GENERATE_INFOPLIST_FILE = YES;
				INFOPLIST_FILE = CookAPI/Info.plist;
				INFOPLIST_KEY_UIApplicationSupportsIndirectInputEvents = YES;
				INFOPLIST_KEY_UILaunchStoryboardName = LaunchScreen;
				INFOPLIST_KEY_UISupportedInterfaceOrientations_iPad = "UIInterfaceOrientationPortrait UIInterfaceOrientationPortraitUpsideDown UIInterfaceOrientationLandscapeLeft UIInterfaceOrientationLandscapeRight";
				INFOPLIST_KEY_UISupportedInterfaceOrientations_iPhone = "UIInterfaceOrientationPortrait UIInterfaceOrientationLandscapeLeft UIInterfaceOrientationLandscapeRight";
				IPHONEOS_DEPLOYMENT_TARGET = 15.0;
				LD_RUNPATH_SEARCH_PATHS = (
					"$(inherited)",
					"@executable_path/Frameworks",
				);
				MARKETING_VERSION = 1.0;
				PRODUCT_BUNDLE_IDENTIFIER = com.example.CookAPI;
				PRODUCT_NAME = "$(TARGET_NAME)";
				SWIFT_EMIT_LOC_STRINGS = YES;
				SWIFT_VERSION = 5.0;
				TARGETED_DEVICE_FAMILY = "1,2";
			};
			name = Release;
		};
/* End XCBuildConfiguration section */

/* Begin XCConfigurationList section */
		CD71A33F295670420094D0ED /* Build configuration list for PBXProject "CookAPI" */ = {
			isa = XCConfigurationList;
			buildConfigurations = (
				CD71A356295670440094D0ED /* Debug */,
				CD71A357295670440094D0ED /* Release */,
			);
			defaultConfigurationIsVisible = 0;
			defaultConfigurationName = Release;
		};
		CD71A358295670440094D0ED /* Build configuration list for PBXNativeTarget "CookAPI" */ = {
			isa = XCConfigurationList;
			buildConfigurations = (
				CD71A359295670440094D0ED /* Debug */,
				CD71A35A295670440094D0ED /* Release */,
			);
			defaultConfigurationIsVisible = 0;
			defaultConfigurationName = Release;
		};
/* End XCConfigurationList section */

/* Begin XCRemoteSwiftPackageReference section */
		7D3FFE582971DE7F00AF346C /* XCRemoteSwiftPackageReference "firebase-ios-sdk" */ = {
			isa = XCRemoteSwiftPackageReference;
			repositoryURL = "https://github.com/firebase/firebase-ios-sdk";
			requirement = {
				kind = upToNextMajorVersion;
				minimumVersion = 9.0.0;
			};
		};
/* End XCRemoteSwiftPackageReference section */

/* Begin XCSwiftPackageProductDependency section */
		7D3FFE592971DE7F00AF346C /* FirebaseAuth */ = {
			isa = XCSwiftPackageProductDependency;
			package = 7D3FFE582971DE7F00AF346C /* XCRemoteSwiftPackageReference "firebase-ios-sdk" */;
			productName = FirebaseAuth;
		};
		7D3FFE5B2971DE7F00AF346C /* FirebaseFirestore */ = {
			isa = XCSwiftPackageProductDependency;
			package = 7D3FFE582971DE7F00AF346C /* XCRemoteSwiftPackageReference "firebase-ios-sdk" */;
			productName = FirebaseFirestore;
		};
		7D3FFE5D2971DE7F00AF346C /* FirebaseStorage */ = {
			isa = XCSwiftPackageProductDependency;
			package = 7D3FFE582971DE7F00AF346C /* XCRemoteSwiftPackageReference "firebase-ios-sdk" */;
			productName = FirebaseStorage;
		};
/* End XCSwiftPackageProductDependency section */
	};
	rootObject = CD71A33C295670420094D0ED /* Project object */;
}
